// !$*UTF8*$!
{
	archiveVersion = 1;
	classes = {
	};
	objectVersion = 48;
	objects = {

/* Begin PBXBuildFile section */
		04ACEDBD2008F9BA00FB4578 /* AppDelegate.swift in Sources */ = {isa = PBXBuildFile; fileRef = 04ACEDBC2008F9BA00FB4578 /* AppDelegate.swift */; };
		04ACEDBF2008F9BA00FB4578 /* ViewController.swift in Sources */ = {isa = PBXBuildFile; fileRef = 04ACEDBE2008F9BA00FB4578 /* ViewController.swift */; };
		04ACEDC22008F9BA00FB4578 /* Main.storyboard in Resources */ = {isa = PBXBuildFile; fileRef = 04ACEDC02008F9BA00FB4578 /* Main.storyboard */; };
		04ACEDC42008F9BA00FB4578 /* Assets.xcassets in Resources */ = {isa = PBXBuildFile; fileRef = 04ACEDC32008F9BA00FB4578 /* Assets.xcassets */; };
		04ACEDC72008F9BA00FB4578 /* LaunchScreen.storyboard in Resources */ = {isa = PBXBuildFile; fileRef = 04ACEDC52008F9BA00FB4578 /* LaunchScreen.storyboard */; };
/* End PBXBuildFile section */

/* Begin PBXFileReference section */
		04ACEDB92008F9BA00FB4578 /* SignUpForm.app */ = {isa = PBXFileReference; explicitFileType = wrapper.application; includeInIndex = 0; path = SignUpForm.app; sourceTree = BUILT_PRODUCTS_DIR; };
		04ACEDBC2008F9BA00FB4578 /* AppDelegate.swift */ = {isa = PBXFileReference; lastKnownFileType = sourcecode.swift; path = AppDelegate.swift; sourceTree = "<group>"; };
		04ACEDBE2008F9BA00FB4578 /* ViewController.swift */ = {isa = PBXFileReference; lastKnownFileType = sourcecode.swift; path = ViewController.swift; sourceTree = "<group>"; };
		04ACEDC12008F9BA00FB4578 /* Base */ = {isa = PBXFileReference; lastKnownFileType = file.storyboard; name = Base; path = Base.lproj/Main.storyboard; sourceTree = "<group>"; };
		04ACEDC32008F9BA00FB4578 /* Assets.xcassets */ = {isa = PBXFileReference; lastKnownFileType = folder.assetcatalog; path = Assets.xcassets; sourceTree = "<group>"; };
		04ACEDC62008F9BA00FB4578 /* Base */ = {isa = PBXFileReference; lastKnownFileType = file.storyboard; name = Base; path = Base.lproj/LaunchScreen.storyboard; sourceTree = "<group>"; };
		04ACEDC82008F9BA00FB4578 /* Info.plist */ = {isa = PBXFileReference; lastKnownFileType = text.plist.xml; path = Info.plist; sourceTree = "<group>"; };
/* End PBXFileReference section */

/* Begin PBXFrameworksBuildPhase section */
		04ACEDB62008F9BA00FB4578 /* Frameworks */ = {
			isa = PBXFrameworksBuildPhase;
			buildActionMask = 2147483647;
			files = (
			);
			runOnlyForDeploymentPostprocessing = 0;
		};
/* End PBXFrameworksBuildPhase section */

/* Begin PBXGroup section */
		04ACEDB02008F9BA00FB4578 = {
			isa = PBXGroup;
			children = (
				04ACEDBB2008F9BA00FB4578 /* SignUpForm */,
				04ACEDBA2008F9BA00FB4578 /* Products */,
			);
			sourceTree = "<group>";
		};
		04ACEDBA2008F9BA00FB4578 /* Products */ = {
			isa = PBXGroup;
			children = (
				04ACEDB92008F9BA00FB4578 /* SignUpForm.app */,
			);
			name = Products;
			sourceTree = "<group>";
		};
		04ACEDBB2008F9BA00FB4578 /* SignUpForm */ = {
			isa = PBXGroup;
			children = (
				04ACEDBC2008F9BA00FB4578 /* AppDelegate.swift */,
				04ACEDBE2008F9BA00FB4578 /* ViewController.swift */,
				04ACEDC02008F9BA00FB4578 /* Main.storyboard */,
				04ACEDC32008F9BA00FB4578 /* Assets.xcassets */,
				04ACEDC52008F9BA00FB4578 /* LaunchScreen.storyboard */,
				04ACEDC82008F9BA00FB4578 /* Info.plist */,
			);
			path = SignUpForm;
			sourceTree = "<group>";
		};
/* End PBXGroup section */

/* Begin PBXNativeTarget section */
		04ACEDB82008F9BA00FB4578 /* SignUpForm */ = {
			isa = PBXNativeTarget;
			buildConfigurationList = 04ACEDCB2008F9BA00FB4578 /* Build configuration list for PBXNativeTarget "SignUpForm" */;
			buildPhases = (
				04ACEDB52008F9BA00FB4578 /* Sources */,
				04ACEDB62008F9BA00FB4578 /* Frameworks */,
				04ACEDB72008F9BA00FB4578 /* Resources */,
			);
			buildRules = (
			);
			dependencies = (
			);
			name = SignUpForm;
			productName = SignUpForm;
			productReference = 04ACEDB92008F9BA00FB4578 /* SignUpForm.app */;
			productType = "com.apple.product-type.application";
		};
/* End PBXNativeTarget section */

/* Begin PBXProject section */
		04ACEDB12008F9BA00FB4578 /* Project object */ = {
			isa = PBXProject;
			attributes = {
				LastSwiftUpdateCheck = 0920;
				LastUpgradeCheck = 0920;
				ORGANIZATIONNAME = JuDH;
				TargetAttributes = {
					04ACEDB82008F9BA00FB4578 = {
						CreatedOnToolsVersion = 9.2;
						ProvisioningStyle = Automatic;
					};
				};
			};
			buildConfigurationList = 04ACEDB42008F9BA00FB4578 /* Build configuration list for PBXProject "SignUpForm" */;
			compatibilityVersion = "Xcode 8.0";
			developmentRegion = en;
			hasScannedForEncodings = 0;
			knownRegions = (
				en,
				Base,
			);
			mainGroup = 04ACEDB02008F9BA00FB4578;
			productRefGroup = 04ACEDBA2008F9BA00FB4578 /* Products */;
			projectDirPath = "";
			projectRoot = "";
			targets = (
				04ACEDB82008F9BA00FB4578 /* SignUpForm */,
			);
		};
/* End PBXProject section */

/* Begin PBXResourcesBuildPhase section */
		04ACEDB72008F9BA00FB4578 /* Resources */ = {
			isa = PBXResourcesBuildPhase;
			buildActionMask = 2147483647;
			files = (
				04ACEDC72008F9BA00FB4578 /* LaunchScreen.storyboard in Resources */,
				04ACEDC42008F9BA00FB4578 /* Assets.xcassets in Resources */,
				04ACEDC22008F9BA00FB4578 /* Main.storyboard in Resources */,
			);
			runOnlyForDeploymentPostprocessing = 0;
		};
/* End PBXResourcesBuildPhase section */

/* Begin PBXSourcesBuildPhase section */
		04ACEDB52008F9BA00FB4578 /* Sources */ = {
			isa = PBXSourcesBuildPhase;
			buildActionMask = 2147483647;
			files = (
				04ACEDBF2008F9BA00FB4578 /* ViewController.swift in Sources */,
				04ACEDBD2008F9BA00FB4578 /* AppDelegate.swift in Sources */,
			);
			runOnlyForDeploymentPostprocessing = 0;
		};
/* End PBXSourcesBuildPhase section */

/* Begin PBXVariantGroup section */
		04ACEDC02008F9BA00FB4578 /* Main.storyboard */ = {
			isa = PBXVariantGroup;
			children = (
				04ACEDC12008F9BA00FB4578 /* Base */,
			);
			name = Main.storyboard;
			sourceTree = "<group>";
		};
		04ACEDC52008F9BA00FB4578 /* LaunchScreen.storyboard */ = {
			isa = PBXVariantGroup;
			children = (
				04ACEDC62008F9BA00FB4578 /* Base */,
			);
			name = LaunchScreen.storyboard;
			sourceTree = "<group>";
		};
/* End PBXVariantGroup section */

/* Begin XCBuildConfiguration section */
		04ACEDC92008F9BA00FB4578 /* Debug */ = {
			isa = XCBuildConfiguration;
			buildSettings = {
				ALWAYS_SEARCH_USER_PATHS = NO;
				CLANG_ANALYZER_NONNULL = YES;
				CLANG_ANALYZER_NUMBER_OBJECT_CONVERSION = YES_AGGRESSIVE;
				CLANG_CXX_LANGUAGE_STANDARD = "gnu++14";
				CLANG_CXX_LIBRARY = "libc++";
				CLANG_ENABLE_MODULES = YES;
				CLANG_ENABLE_OBJC_ARC = YES;
				CLANG_WARN_BLOCK_CAPTURE_AUTORELEASING = YES;
				CLANG_WARN_BOOL_CONVERSION = YES;
				CLANG_WARN_COMMA = YES;
				CLANG_WARN_CONSTANT_CONVERSION = YES;
				CLANG_WARN_DIRECT_OBJC_ISA_USAGE = YES_ERROR;
				CLANG_WARN_DOCUMENTATION_COMMENTS = YES;
				CLANG_WARN_EMPTY_BODY = YES;
				CLANG_WARN_ENUM_CONVERSION = YES;
				CLANG_WARN_INFINITE_RECURSION = YES;
				CLANG_WARN_INT_CONVERSION = YES;
				CLANG_WARN_NON_LITERAL_NULL_CONVERSION = YES;
				CLANG_WARN_OBJC_LITERAL_CONVERSION = YES;
				CLANG_WARN_OBJC_ROOT_CLASS = YES_ERROR;
				CLANG_WARN_RANGE_LOOP_ANALYSIS = YES;
				CLANG_WARN_STRICT_PROTOTYPES = YES;
				CLANG_WARN_SUSPICIOUS_MOVE = YES;
				CLANG_WARN_UNGUARDED_AVAILABILITY = YES_AGGRESSIVE;
				CLANG_WARN_UNREACHABLE_CODE = YES;
				CLANG_WARN__DUPLICATE_METHOD_MATCH = YES;
				CODE_SIGN_IDENTITY = "iPhone Developer";
				COPY_PHASE_STRIP = NO;
				DEBUG_INFORMATION_FORMAT = dwarf;
				ENABLE_STRICT_OBJC_MSGSEND = YES;
				ENABLE_TESTABILITY = YES;
				GCC_C_LANGUAGE_STANDARD = gnu11;
				GCC_DYNAMIC_NO_PIC = NO;
				GCC_NO_COMMON_BLOCKS = YES;
				GCC_OPTIMIZATION_LEVEL = 0;
				GCC_PREPROCESSOR_DEFINITIONS = (
					"DEBUG=1",
					"$(inherited)",
				);
				GCC_WARN_64_TO_32_BIT_CONVERSION = YES;
				GCC_WARN_ABOUT_RETURN_TYPE = YES_ERROR;
				GCC_WARN_UNDECLARED_SELECTOR = YES;
				GCC_WARN_UNINITIALIZED_AUTOS = YES_AGGRESSIVE;
				GCC_WARN_UNUSED_FUNCTION = YES;
				GCC_WARN_UNUSED_VARIABLE = YES;
				IPHONEOS_DEPLOYMENT_TARGET = 11.2;
				MTL_ENABLE_DEBUG_INFO = YES;
				ONLY_ACTIVE_ARCH = YES;
				SDKROOT = iphoneos;
				SWIFT_ACTIVE_COMPILATION_CONDITIONS = DEBUG;
				SWIFT_OPTIMIZATION_LEVEL = "-Onone";
			};
			name = Debug;
		};
		04ACEDCA2008F9BA00FB4578 /* Release */ = {
			isa = XCBuildConfiguration;
			buildSettings = {
				ALWAYS_SEARCH_USER_PATHS = NO;
				CLANG_ANALYZER_NONNULL = YES;
				CLANG_ANALYZER_NUMBER_OBJECT_CONVERSION = YES_AGGRESSIVE;
				CLANG_CXX_LANGUAGE_STANDARD = "gnu++14";
				CLANG_CXX_LIBRARY = "libc++";
				CLANG_ENABLE_MODULES = YES;
				CLANG_ENABLE_OBJC_ARC = YES;
				CLANG_WARN_BLOCK_CAPTURE_AUTORELEASING = YES;
				CLANG_WARN_BOOL_CONVERSION = YES;
				CLANG_WARN_COMMA = YES;
				CLANG_WARN_CONSTANT_CONVERSION = YES;
				CLANG_WARN_DIRECT_OBJC_ISA_USAGE = YES_ERROR;
				CLANG_WARN_DOCUMENTATION_COMMENTS = YES;
				CLANG_WARN_EMPTY_BODY = YES;
				CLANG_WARN_ENUM_CONVERSION = YES;
				CLANG_WARN_INFINITE_RECURSION = YES;
				CLANG_WARN_INT_CONVERSION = YES;
				CLANG_WARN_NON_LITERAL_NULL_CONVERSION = YES;
				CLANG_WARN_OBJC_LITERAL_CONVERSION = YES;
				CLANG_WARN_OBJC_ROOT_CLASS = YES_ERROR;
				CLANG_WARN_RANGE_LOOP_ANALYSIS = YES;
				CLANG_WARN_STRICT_PROTOTYPES = YES;
				CLANG_WARN_SUSPICIOUS_MOVE = YES;
				CLANG_WARN_UNGUARDED_AVAILABILITY = YES_AGGRESSIVE;
				CLANG_WARN_UNREACHABLE_CODE = YES;
				CLANG_WARN__DUPLICATE_METHOD_MATCH = YES;
				CODE_SIGN_IDENTITY = "iPhone Developer";
				COPY_PHASE_STRIP = NO;
				DEBUG_INFORMATION_FORMAT = "dwarf-with-dsym";
				ENABLE_NS_ASSERTIONS = NO;
				ENABLE_STRICT_OBJC_MSGSEND = YES;
				GCC_C_LANGUAGE_STANDARD = gnu11;
				GCC_NO_COMMON_BLOCKS = YES;
				GCC_WARN_64_TO_32_BIT_CONVERSION = YES;
				GCC_WARN_ABOUT_RETURN_TYPE = YES_ERROR;
				GCC_WARN_UNDECLARED_SELECTOR = YES;
				GCC_WARN_UNINITIALIZED_AUTOS = YES_AGGRESSIVE;
				GCC_WARN_UNUSED_FUNCTION = YES;
				GCC_WARN_UNUSED_VARIABLE = YES;
				IPHONEOS_DEPLOYMENT_TARGET = 11.2;
				MTL_ENABLE_DEBUG_INFO = NO;
				SDKROOT = iphoneos;
				SWIFT_OPTIMIZATION_LEVEL = "-Owholemodule";
				VALIDATE_PRODUCT = YES;
			};
			name = Release;
		};
		04ACEDCC2008F9BA00FB4578 /* Debug */ = {
			isa = XCBuildConfiguration;
			buildSettings = {
				ASSETCATALOG_COMPILER_APPICON_NAME = AppIcon;
				CODE_SIGN_STYLE = Automatic;
				DEVELOPMENT_TEAM = VY8C323K2C;
				INFOPLIST_FILE = SignUpForm/Info.plist;
				LD_RUNPATH_SEARCH_PATHS = "$(inherited) @executable_path/Frameworks";
				PRODUCT_BUNDLE_IDENTIFIER = edu.home.judh.SignUpForm;
				PRODUCT_NAME = "$(TARGET_NAME)";
				SWIFT_VERSION = 4.0;
				TARGETED_DEVICE_FAMILY = "1,2";
			};
			name = Debug;
		};
		04ACEDCD2008F9BA00FB4578 /* Release */ = {
			isa = XCBuildConfiguration;
			buildSettings = {
				ASSETCATALOG_COMPILER_APPICON_NAME = AppIcon;
				CODE_SIGN_STYLE = Automatic;
				DEVELOPMENT_TEAM = VY8C323K2C;
				INFOPLIST_FILE = SignUpForm/Info.plist;
				LD_RUNPATH_SEARCH_PATHS = "$(inherited) @executable_path/Frameworks";
				PRODUCT_BUNDLE_IDENTIFIER = edu.home.judh.SignUpForm;
				PRODUCT_NAME = "$(TARGET_NAME)";
				SWIFT_VERSION = 4.0;
				TARGETED_DEVICE_FAMILY = "1,2";
			};
			name = Release;
		};
/* End XCBuildConfiguration section */

/* Begin XCConfigurationList section */
		04ACEDB42008F9BA00FB4578 /* Build configuration list for PBXProject "SignUpForm" */ = {
			isa = XCConfigurationList;
			buildConfigurations = (
				04ACEDC92008F9BA00FB4578 /* Debug */,
				04ACEDCA2008F9BA00FB4578 /* Release */,
			);
			defaultConfigurationIsVisible = 0;
			defaultConfigurationName = Release;
		};
		04ACEDCB2008F9BA00FB4578 /* Build configuration list for PBXNativeTarget "SignUpForm" */ = {
			isa = XCConfigurationList;
			buildConfigurations = (
				04ACEDCC2008F9BA00FB4578 /* Debug */,
				04ACEDCD2008F9BA00FB4578 /* Release */,
			);
			defaultConfigurationIsVisible = 0;
			defaultConfigurationName = Release;
		};
/* End XCConfigurationList section */
	};
	rootObject = 04ACEDB12008F9BA00FB4578 /* Project object */;
}
